
Microsoft Visual Studio Solution File, Format Version 12.00
# Visual Studio Version 17
VisualStudioVersion = 17.14.36811.4
MinimumVisualStudioVersion = 10.0.40219.1
Project("{2150E333-8FDC-42A3-9474-1A3956D46DE8}") = "Task0", "Task0", "{02EA681E-C7D8-13C7-8484-4AC65E1B71E8}"
EndProject
Project("{FAE04EC0-301F-11D3-BF4B-00C04F79EFBC}") = "Tyuiu.PyrkinAA.Sprint3.Task0.V7", "Tyuiu.PyrkinAA.Sprint3.Task0.V7\Tyuiu.PyrkinAA.Sprint3.Task0.V7.csproj", "{99070647-7750-4D29-BAB2-4DA7A6BABF4D}"
EndProject
Project("{FAE04EC0-301F-11D3-BF4B-00C04F79EFBC}") = "Tyuiu.PyrkinAA.Sprint3.Task0.V7.Test", "Tyuiu.PyrkinAA.Sprint3.Task0.V7.Test\Tyuiu.PyrkinAA.Sprint3.Task0.V7.Test.csproj", "{726304E0-D4DA-495B-B29E-F73FEFD40881}"
EndProject
Project("{FAE04EC0-301F-11D3-BF4B-00C04F79EFBC}") = "Tyuiu.PyrkinAA.Sprint3.Task0.V7.Lib", "Tyuiu.PyrkinAA.Sprint3.Task0.V7.Lib\Tyuiu.PyrkinAA.Sprint3.Task0.V7.Lib.csproj", "{C409D756-5E22-440E-9E37-BB8A67DA73FD}"
EndProject
Project("{2150E333-8FDC-42A3-9474-1A3956D46DE8}") = "Task1", "Task1", "{76E98C18-FCBD-4623-BAEE-3B6374F8E09F}"
EndProject
Project("{FAE04EC0-301F-11D3-BF4B-00C04F79EFBC}") = "Tyuiu.PyrkinAA.Sprint3.Task1.V24", "Tyuiu.PyrkinAA.Sprint3.Task1.V24\Tyuiu.PyrkinAA.Sprint3.Task1.V24.csproj", "{F0DEEAB5-1558-4A9D-B1A3-0199FE9FC187}"
EndProject
Project("{FAE04EC0-301F-11D3-BF4B-00C04F79EFBC}") = "Tyuiu.PyrkinAA.Sprint3.Task1.V24.Test", "Tyuiu.PyrkinAA.Sprint3.Task1.V24.Test\Tyuiu.PyrkinAA.Sprint3.Task1.V24.Test.csproj", "{9CDC0A24-6B85-4BA7-9C8F-FC232AD1263B}"
EndProject
Project("{FAE04EC0-301F-11D3-BF4B-00C04F79EFBC}") = "Tyuiu.PyrkinAA.Sprint3.Task1.V24.Lib", "Tyuiu.PyrkinAA.Sprint3.Task1.V24.Lib\Tyuiu.PyrkinAA.Sprint3.Task1.V24.Lib.csproj", "{6624B42D-ED50-48E8-8C95-5A334C089CEC}"
EndProject
Project("{2150E333-8FDC-42A3-9474-1A3956D46DE8}") = "Task2", "Task2", "{E81C4B6E-D508-4D43-B3C2-6B50DEF9BB91}"
EndProject
Project("{FAE04EC0-301F-11D3-BF4B-00C04F79EFBC}") = "Tyuiu.PyrkinAA.Sprint3.Task2.V28", "Tyuiu.PyrkinAA.Sprint3.Task2.V28\Tyuiu.PyrkinAA.Sprint3.Task2.V28.csproj", "{FB888DC0-4399-4C78-BD55-9D6E4DDA013E}"
EndProject
Project("{FAE04EC0-301F-11D3-BF4B-00C04F79EFBC}") = "Tyuiu.PyrkinAA.Sprint3.Task2.V28.Lib", "Tyuiu.PyrkinAA.Sprint3.Task2.V28.Lib\Tyuiu.PyrkinAA.Sprint3.Task2.V28.Lib.csproj", "{EF4C37BD-8A77-4D48-8E52-68D7F23DEEFC}"
EndProject
Project("{FAE04EC0-301F-11D3-BF4B-00C04F79EFBC}") = "Tyuiu.PyrkinAA.Sprint3.Task2.V28.Test", "Tyuiu.PyrkinAA.Sprint3.Task2.V28.Test\Tyuiu.PyrkinAA.Sprint3.Task2.V28.Test.csproj", "{65124C36-4E4A-4D45-AE21-4414B88C2A3A}"
EndProject
Project("{2150E333-8FDC-42A3-9474-1A3956D46DE8}") = "Task4", "Task4", "{E448BAF8-6EBB-42D0-B082-E69EB8928407}"
EndProject
Project("{FAE04EC0-301F-11D3-BF4B-00C04F79EFBC}") = "Tyuiu.PyrkinAA.Sprint3.Task3.V6.Test", "Tyuiu.PyrkinAA.Sprint3.Task3.V6.Test\Tyuiu.PyrkinAA.Sprint3.Task3.V6.Test.csproj", "{824ED1E9-BCC0-4606-ABE4-DDF45DF244FD}"
EndProject
Project("{FAE04EC0-301F-11D3-BF4B-00C04F79EFBC}") = "Tyuiu.PyrkinAA.Sprint3.Task3.V6.Lib", "Tyuiu.PyrkinAA.Sprint3.Task3.V6.Lib\Tyuiu.PyrkinAA.Sprint3.Task3.V6.Lib.csproj", "{1DBE5C0D-33EE-4AE8-9998-662CDC0999EF}"
EndProject
Project("{FAE04EC0-301F-11D3-BF4B-00C04F79EFBC}") = "Tyuiu.PyrkinAA.Sprint3.Task3.V6", "Tyuiu.PyrkinAA.Sprint3.Task3.V6\Tyuiu.PyrkinAA.Sprint3.Task3.V6.csproj", "{2CE08C73-AA16-4EA1-A827-55862AAEA48E}"
EndProject
Global
	GlobalSection(SolutionConfigurationPlatforms) = preSolution
		Debug|Any CPU = Debug|Any CPU
		Release|Any CPU = Release|Any CPU
	EndGlobalSection
	GlobalSection(ProjectConfigurationPlatforms) = postSolution
		{99070647-7750-4D29-BAB2-4DA7A6BABF4D}.Debug|Any CPU.ActiveCfg = Debug|Any CPU
		{99070647-7750-4D29-BAB2-4DA7A6BABF4D}.Debug|Any CPU.Build.0 = Debug|Any CPU
		{99070647-7750-4D29-BAB2-4DA7A6BABF4D}.Release|Any CPU.ActiveCfg = Release|Any CPU
		{99070647-7750-4D29-BAB2-4DA7A6BABF4D}.Release|Any CPU.Build.0 = Release|Any CPU
		{726304E0-D4DA-495B-B29E-F73FEFD40881}.Debug|Any CPU.ActiveCfg = Debug|Any CPU
		{726304E0-D4DA-495B-B29E-F73FEFD40881}.Debug|Any CPU.Build.0 = Debug|Any CPU
		{726304E0-D4DA-495B-B29E-F73FEFD40881}.Release|Any CPU.ActiveCfg = Release|Any CPU
		{726304E0-D4DA-495B-B29E-F73FEFD40881}.Release|Any CPU.Build.0 = Release|Any CPU
		{C409D756-5E22-440E-9E37-BB8A67DA73FD}.Debug|Any CPU.ActiveCfg = Debug|Any CPU
		{C409D756-5E22-440E-9E37-BB8A67DA73FD}.Debug|Any CPU.Build.0 = Debug|Any CPU
		{C409D756-5E22-440E-9E37-BB8A67DA73FD}.Release|Any CPU.ActiveCfg = Release|Any CPU
		{C409D756-5E22-440E-9E37-BB8A67DA73FD}.Release|Any CPU.Build.0 = Release|Any CPU
		{F0DEEAB5-1558-4A9D-B1A3-0199FE9FC187}.Debug|Any CPU.ActiveCfg = Debug|Any CPU
		{F0DEEAB5-1558-4A9D-B1A3-0199FE9FC187}.Debug|Any CPU.Build.0 = Debug|Any CPU
		{F0DEEAB5-1558-4A9D-B1A3-0199FE9FC187}.Release|Any CPU.ActiveCfg = Release|Any CPU
		{F0DEEAB5-1558-4A9D-B1A3-0199FE9FC187}.Release|Any CPU.Build.0 = Release|Any CPU
		{9CDC0A24-6B85-4BA7-9C8F-FC232AD1263B}.Debug|Any CPU.ActiveCfg = Debug|Any CPU
		{9CDC0A24-6B85-4BA7-9C8F-FC232AD1263B}.Debug|Any CPU.Build.0 = Debug|Any CPU
		{9CDC0A24-6B85-4BA7-9C8F-FC232AD1263B}.Release|Any CPU.ActiveCfg = Release|Any CPU
		{9CDC0A24-6B85-4BA7-9C8F-FC232AD1263B}.Release|Any CPU.Build.0 = Release|Any CPU
		{6624B42D-ED50-48E8-8C95-5A334C089CEC}.Debug|Any CPU.ActiveCfg = Debug|Any CPU
		{6624B42D-ED50-48E8-8C95-5A334C089CEC}.Debug|Any CPU.Build.0 = Debug|Any CPU
		{6624B42D-ED50-48E8-8C95-5A334C089CEC}.Release|Any CPU.ActiveCfg = Release|Any CPU
		{6624B42D-ED50-48E8-8C95-5A334C089CEC}.Release|Any CPU.Build.0 = Release|Any CPU
		{FB888DC0-4399-4C78-BD55-9D6E4DDA013E}.Debug|Any CPU.ActiveCfg = Debug|Any CPU
		{FB888DC0-4399-4C78-BD55-9D6E4DDA013E}.Debug|Any CPU.Build.0 = Debug|Any CPU
		{FB888DC0-4399-4C78-BD55-9D6E4DDA013E}.Release|Any CPU.ActiveCfg = Release|Any CPU
		{FB888DC0-4399-4C78-BD55-9D6E4DDA013E}.Release|Any CPU.Build.0 = Release|Any CPU
		{EF4C37BD-8A77-4D48-8E52-68D7F23DEEFC}.Debug|Any CPU.ActiveCfg = Debug|Any CPU
		{EF4C37BD-8A77-4D48-8E52-68D7F23DEEFC}.Debug|Any CPU.Build.0 = Debug|Any CPU
		{EF4C37BD-8A77-4D48-8E52-68D7F23DEEFC}.Release|Any CPU.ActiveCfg = Release|Any CPU
		{EF4C37BD-8A77-4D48-8E52-68D7F23DEEFC}.Release|Any CPU.Build.0 = Release|Any CPU
		{65124C36-4E4A-4D45-AE21-4414B88C2A3A}.Debug|Any CPU.ActiveCfg = Debug|Any CPU
		{65124C36-4E4A-4D45-AE21-4414B88C2A3A}.Debug|Any CPU.Build.0 = Debug|Any CPU
		{65124C36-4E4A-4D45-AE21-4414B88C2A3A}.Release|Any CPU.ActiveCfg = Release|Any CPU
		{65124C36-4E4A-4D45-AE21-4414B88C2A3A}.Release|Any CPU.Build.0 = Release|Any CPU
		{824ED1E9-BCC0-4606-ABE4-DDF45DF244FD}.Debug|Any CPU.ActiveCfg = Debug|Any CPU
		{824ED1E9-BCC0-4606-ABE4-DDF45DF244FD}.Debug|Any CPU.Build.0 = Debug|Any CPU
		{824ED1E9-BCC0-4606-ABE4-DDF45DF244FD}.Release|Any CPU.ActiveCfg = Release|Any CPU
		{824ED1E9-BCC0-4606-ABE4-DDF45DF244FD}.Release|Any CPU.Build.0 = Release|Any CPU
		{1DBE5C0D-33EE-4AE8-9998-662CDC0999EF}.Debug|Any CPU.ActiveCfg = Debug|Any CPU
		{1DBE5C0D-33EE-4AE8-9998-662CDC0999EF}.Debug|Any CPU.Build.0 = Debug|Any CPU
		{1DBE5C0D-33EE-4AE8-9998-662CDC0999EF}.Release|Any CPU.ActiveCfg = Release|Any CPU
		{1DBE5C0D-33EE-4AE8-9998-662CDC0999EF}.Release|Any CPU.Build.0 = Release|Any CPU
		{2CE08C73-AA16-4EA1-A827-55862AAEA48E}.Debug|Any CPU.ActiveCfg = Debug|Any CPU
		{2CE08C73-AA16-4EA1-A827-55862AAEA48E}.Debug|Any CPU.Build.0 = Debug|Any CPU
		{2CE08C73-AA16-4EA1-A827-55862AAEA48E}.Release|Any CPU.ActiveCfg = Release|Any CPU
		{2CE08C73-AA16-4EA1-A827-55862AAEA48E}.Release|Any CPU.Build.0 = Release|Any CPU
	EndGlobalSection
	GlobalSection(SolutionProperties) = preSolution
		HideSolutionNode = FALSE
	EndGlobalSection
	GlobalSection(NestedProjects) = preSolution
		{99070647-7750-4D29-BAB2-4DA7A6BABF4D} = {02EA681E-C7D8-13C7-8484-4AC65E1B71E8}
		{726304E0-D4DA-495B-B29E-F73FEFD40881} = {02EA681E-C7D8-13C7-8484-4AC65E1B71E8}
		{C409D756-5E22-440E-9E37-BB8A67DA73FD} = {02EA681E-C7D8-13C7-8484-4AC65E1B71E8}
		{F0DEEAB5-1558-4A9D-B1A3-0199FE9FC187} = {76E98C18-FCBD-4623-BAEE-3B6374F8E09F}
		{9CDC0A24-6B85-4BA7-9C8F-FC232AD1263B} = {76E98C18-FCBD-4623-BAEE-3B6374F8E09F}
		{6624B42D-ED50-48E8-8C95-5A334C089CEC} = {76E98C18-FCBD-4623-BAEE-3B6374F8E09F}
		{FB888DC0-4399-4C78-BD55-9D6E4DDA013E} = {E81C4B6E-D508-4D43-B3C2-6B50DEF9BB91}
		{EF4C37BD-8A77-4D48-8E52-68D7F23DEEFC} = {E81C4B6E-D508-4D43-B3C2-6B50DEF9BB91}
		{65124C36-4E4A-4D45-AE21-4414B88C2A3A} = {E81C4B6E-D508-4D43-B3C2-6B50DEF9BB91}
		{824ED1E9-BCC0-4606-ABE4-DDF45DF244FD} = {E448BAF8-6EBB-42D0-B082-E69EB8928407}
		{1DBE5C0D-33EE-4AE8-9998-662CDC0999EF} = {E448BAF8-6EBB-42D0-B082-E69EB8928407}
		{2CE08C73-AA16-4EA1-A827-55862AAEA48E} = {E448BAF8-6EBB-42D0-B082-E69EB8928407}
	EndGlobalSection
	GlobalSection(ExtensibilityGlobals) = postSolution
		SolutionGuid = {EBC6751A-DD75-49CA-BB09-8FC98D39245F}
	EndGlobalSection
EndGlobal
